
Microsoft Visual Studio Solution File, Format Version 12.00
# Visual Studio Version 17
VisualStudioVersion = 17.6.33723.286
MinimumVisualStudioVersion = 10.0.40219.1
Project("{FAE04EC0-301F-11D3-BF4B-00C04F79EFBC}") = "EfrohimTarnegolimWeb", "EfrohimTarnegolimWeb\EfrohimTarnegolimWeb.csproj", "{B345F303-65BE-4444-907B-75C38D7494E0}"
EndProject
Global
	GlobalSection(SolutionConfigurationPlatforms) = preSolution
		Debug|Any CPU = Debug|Any CPU
		Release|Any CPU = Release|Any CPU
	EndGlobalSection
	GlobalSection(ProjectConfigurationPlatforms) = postSolution
		{B345F303-65BE-4444-907B-75C38D7494E0}.Debug|Any CPU.ActiveCfg = Debug|Any CPU
		{B345F303-65BE-4444-907B-75C38D7494E0}.Debug|Any CPU.Build.0 = Debug|Any CPU
		{B345F303-65BE-4444-907B-75C38D7494E0}.Release|Any CPU.ActiveCfg = Release|Any CPU
		{B345F303-65BE-4444-907B-75C38D7494E0}.Release|Any CPU.Build.0 = Release|Any CPU
	EndGlobalSection
	GlobalSection(SolutionProperties) = preSolution
		HideSolutionNode = FALSE
	EndGlobalSection
	GlobalSection(ExtensibilityGlobals) = postSolution
		SolutionGuid = {281156CF-45C9-4F12-B09A-21A2D8878CE0}
	EndGlobalSection
EndGlobal
